
Microsoft Visual Studio Solution File, Format Version 12.00
# Visual Studio 15
VisualStudioVersion = 15.0.28307.1622
MinimumVisualStudioVersion = 10.0.40219.1
Project("{FAE04EC0-301F-11D3-BF4B-00C04F79EFBC}") = "TurtleLoops", "TurtleLoops\TurtleLoops.csproj", "{BB3C532D-5B47-4956-9AAB-7026732857F7}"
EndProject
Global
	GlobalSection(SolutionConfigurationPlatforms) = preSolution
		Debug|Any CPU = Debug|Any CPU
		Release|Any CPU = Release|Any CPU
	EndGlobalSection
	GlobalSection(ProjectConfigurationPlatforms) = postSolution
		{BB3C532D-5B47-4956-9AAB-7026732857F7}.Debug|Any CPU.ActiveCfg = Debug|Any CPU
		{BB3C532D-5B47-4956-9AAB-7026732857F7}.Debug|Any CPU.Build.0 = Debug|Any CPU
		{BB3C532D-5B47-4956-9AAB-7026732857F7}.Release|Any CPU.ActiveCfg = Release|Any CPU
		{BB3C532D-5B47-4956-9AAB-7026732857F7}.Release|Any CPU.Build.0 = Release|Any CPU
	EndGlobalSection
	GlobalSection(SolutionProperties) = preSolution
		HideSolutionNode = FALSE
	EndGlobalSection
	GlobalSection(ExtensibilityGlobals) = postSolution
		SolutionGuid = {AA59941D-9346-4F4B-9947-635472F53D74}
	EndGlobalSection
EndGlobal
